
Microsoft Visual Studio Solution File, Format Version 12.00
# Visual Studio Version 17
VisualStudioVersion = 17.4.33213.308
MinimumVisualStudioVersion = 10.0.40219.1
Project("{FAE04EC0-301F-11D3-BF4B-00C04F79EFBC}") = "clubMemberIndexer", "clubMemberIndexer\clubMemberIndexer.csproj", "{EE3935F6-CF39-4F6A-9545-BA9EF8A3D8F6}"
EndProject
Global
	GlobalSection(SolutionConfigurationPlatforms) = preSolution
		Debug|Any CPU = Debug|Any CPU
		Release|Any CPU = Release|Any CPU
	EndGlobalSection
	GlobalSection(ProjectConfigurationPlatforms) = postSolution
		{EE3935F6-CF39-4F6A-9545-BA9EF8A3D8F6}.Debug|Any CPU.ActiveCfg = Debug|Any CPU
		{EE3935F6-CF39-4F6A-9545-BA9EF8A3D8F6}.Debug|Any CPU.Build.0 = Debug|Any CPU
		{EE3935F6-CF39-4F6A-9545-BA9EF8A3D8F6}.Release|Any CPU.ActiveCfg = Release|Any CPU
		{EE3935F6-CF39-4F6A-9545-BA9EF8A3D8F6}.Release|Any CPU.Build.0 = Release|Any CPU
	EndGlobalSection
	GlobalSection(SolutionProperties) = preSolution
		HideSolutionNode = FALSE
	EndGlobalSection
	GlobalSection(ExtensibilityGlobals) = postSolution
		SolutionGuid = {F8FB8062-3295-41A3-859F-62CF6FB4B04E}
	EndGlobalSection
EndGlobal
